
Microsoft Visual Studio Solution File, Format Version 12.00
# Visual Studio Version 17
VisualStudioVersion = 17.14.36414.22
MinimumVisualStudioVersion = 10.0.40219.1
Project("{2150E333-8FDC-42A3-9474-1A3956D46DE8}") = "Task0", "Task0", "{02EA681E-C7D8-13C7-8484-4AC65E1B71E8}"
EndProject
Project("{FAE04EC0-301F-11D3-BF4B-00C04F79EFBC}") = "Tyuiu.AlbornozJ.Sprint6.Task0.V16.Lib", "Tyuiu.AlbornozJ.Sprint6.Task0.V16.Lib\Tyuiu.AlbornozJ.Sprint6.Task0.V16.Lib.csproj", "{AAC82845-C138-4B15-AC91-0282C90BE78F}"
EndProject
Project("{FAE04EC0-301F-11D3-BF4B-00C04F79EFBC}") = "Tyuiu.AlbornozJ.Sprint6.Task0.V16.Test", "Tyuiu.AlbornozJ.Sprint6.Task0.V16.Test\Tyuiu.AlbornozJ.Sprint6.Task0.V16.Test.csproj", "{DAD9B0EA-33BF-4A25-9ADA-E09CBFE2C667}"
EndProject
Project("{FAE04EC0-301F-11D3-BF4B-00C04F79EFBC}") = "Tyuiu.AlbornozJ.Sprint6.Task0.V16", "Tyuiu.AlbornozJ.Sprint6.Task0.V16\Tyuiu.AlbornozJ.Sprint6.Task0.V16.csproj", "{71120AB3-A0E3-46FC-AD2F-D121F7CA2D41}"
EndProject
Project("{2150E333-8FDC-42A3-9474-1A3956D46DE8}") = "Task1", "Task1", "{7A710C87-DC9B-45C4-9E03-64B30F5BDD85}"
EndProject
Project("{FAE04EC0-301F-11D3-BF4B-00C04F79EFBC}") = "Tyuiu.AlbornozJ.Sprint6.Task1.V4.Lib", "Tyuiu.AlbornozJ.Sprint6.Task1.V4.Lib\Tyuiu.AlbornozJ.Sprint6.Task1.V4.Lib.csproj", "{5E470229-0E29-4ABE-8CE0-12DB48AD12E5}"
EndProject
Project("{FAE04EC0-301F-11D3-BF4B-00C04F79EFBC}") = "Tyuiu.AlbornozJ.Sprint6.Task1.V4.Test", "Tyuiu.AlbornozJ.Sprint6.Task1.V4.Test\Tyuiu.AlbornozJ.Sprint6.Task1.V4.Test.csproj", "{A29AEC05-4020-4718-8154-9F296605065C}"
EndProject
Project("{FAE04EC0-301F-11D3-BF4B-00C04F79EFBC}") = "Tyuiu.AlbornozJ.Sprint6.Task1.V4", "Tyuiu.AlbornozJ.Sprint6.Task1.V4\Tyuiu.AlbornozJ.Sprint6.Task1.V4.csproj", "{1D883C3E-E08D-4454-8CE5-9A8FB2773299}"
EndProject
Global
	GlobalSection(SolutionConfigurationPlatforms) = preSolution
		Debug|Any CPU = Debug|Any CPU
		Release|Any CPU = Release|Any CPU
	EndGlobalSection
	GlobalSection(ProjectConfigurationPlatforms) = postSolution
		{AAC82845-C138-4B15-AC91-0282C90BE78F}.Debug|Any CPU.ActiveCfg = Debug|Any CPU
		{AAC82845-C138-4B15-AC91-0282C90BE78F}.Debug|Any CPU.Build.0 = Debug|Any CPU
		{AAC82845-C138-4B15-AC91-0282C90BE78F}.Release|Any CPU.ActiveCfg = Release|Any CPU
		{AAC82845-C138-4B15-AC91-0282C90BE78F}.Release|Any CPU.Build.0 = Release|Any CPU
		{DAD9B0EA-33BF-4A25-9ADA-E09CBFE2C667}.Debug|Any CPU.ActiveCfg = Debug|Any CPU
		{DAD9B0EA-33BF-4A25-9ADA-E09CBFE2C667}.Debug|Any CPU.Build.0 = Debug|Any CPU
		{DAD9B0EA-33BF-4A25-9ADA-E09CBFE2C667}.Release|Any CPU.ActiveCfg = Release|Any CPU
		{DAD9B0EA-33BF-4A25-9ADA-E09CBFE2C667}.Release|Any CPU.Build.0 = Release|Any CPU
		{71120AB3-A0E3-46FC-AD2F-D121F7CA2D41}.Debug|Any CPU.ActiveCfg = Debug|Any CPU
		{71120AB3-A0E3-46FC-AD2F-D121F7CA2D41}.Debug|Any CPU.Build.0 = Debug|Any CPU
		{71120AB3-A0E3-46FC-AD2F-D121F7CA2D41}.Release|Any CPU.ActiveCfg = Release|Any CPU
		{71120AB3-A0E3-46FC-AD2F-D121F7CA2D41}.Release|Any CPU.Build.0 = Release|Any CPU
		{5E470229-0E29-4ABE-8CE0-12DB48AD12E5}.Debug|Any CPU.ActiveCfg = Debug|Any CPU
		{5E470229-0E29-4ABE-8CE0-12DB48AD12E5}.Debug|Any CPU.Build.0 = Debug|Any CPU
		{5E470229-0E29-4ABE-8CE0-12DB48AD12E5}.Release|Any CPU.ActiveCfg = Release|Any CPU
		{5E470229-0E29-4ABE-8CE0-12DB48AD12E5}.Release|Any CPU.Build.0 = Release|Any CPU
		{A29AEC05-4020-4718-8154-9F296605065C}.Debug|Any CPU.ActiveCfg = Debug|Any CPU
		{A29AEC05-4020-4718-8154-9F296605065C}.Debug|Any CPU.Build.0 = Debug|Any CPU
		{A29AEC05-4020-4718-8154-9F296605065C}.Release|Any CPU.ActiveCfg = Release|Any CPU
		{A29AEC05-4020-4718-8154-9F296605065C}.Release|Any CPU.Build.0 = Release|Any CPU
		{1D883C3E-E08D-4454-8CE5-9A8FB2773299}.Debug|Any CPU.ActiveCfg = Debug|Any CPU
		{1D883C3E-E08D-4454-8CE5-9A8FB2773299}.Debug|Any CPU.Build.0 = Debug|Any CPU
		{1D883C3E-E08D-4454-8CE5-9A8FB2773299}.Release|Any CPU.ActiveCfg = Release|Any CPU
		{1D883C3E-E08D-4454-8CE5-9A8FB2773299}.Release|Any CPU.Build.0 = Release|Any CPU
	EndGlobalSection
	GlobalSection(SolutionProperties) = preSolution
		HideSolutionNode = FALSE
	EndGlobalSection
	GlobalSection(NestedProjects) = preSolution
		{AAC82845-C138-4B15-AC91-0282C90BE78F} = {02EA681E-C7D8-13C7-8484-4AC65E1B71E8}
		{DAD9B0EA-33BF-4A25-9ADA-E09CBFE2C667} = {02EA681E-C7D8-13C7-8484-4AC65E1B71E8}
		{71120AB3-A0E3-46FC-AD2F-D121F7CA2D41} = {02EA681E-C7D8-13C7-8484-4AC65E1B71E8}
		{5E470229-0E29-4ABE-8CE0-12DB48AD12E5} = {7A710C87-DC9B-45C4-9E03-64B30F5BDD85}
		{A29AEC05-4020-4718-8154-9F296605065C} = {7A710C87-DC9B-45C4-9E03-64B30F5BDD85}
		{1D883C3E-E08D-4454-8CE5-9A8FB2773299} = {7A710C87-DC9B-45C4-9E03-64B30F5BDD85}
	EndGlobalSection
	GlobalSection(ExtensibilityGlobals) = postSolution
		SolutionGuid = {6D6701BC-153C-4D26-963F-1E81B4241658}
	EndGlobalSection
EndGlobal
