
Microsoft Visual Studio Solution File, Format Version 12.00
# Visual Studio Version 17
VisualStudioVersion = 17.14.36414.22
MinimumVisualStudioVersion = 10.0.40219.1
Project("{2150E333-8FDC-42A3-9474-1A3956D46DE8}") = "Task0", "Task0", "{02EA681E-C7D8-13C7-8484-4AC65E1B71E8}"
EndProject
Project("{FAE04EC0-301F-11D3-BF4B-00C04F79EFBC}") = "Tyuiu.AlbornozJ.Sprint6.Task0.V16.Lib", "Tyuiu.AlbornozJ.Sprint6.Task0.V16.Lib\Tyuiu.AlbornozJ.Sprint6.Task0.V16.Lib.csproj", "{AAC82845-C138-4B15-AC91-0282C90BE78F}"
EndProject
Project("{FAE04EC0-301F-11D3-BF4B-00C04F79EFBC}") = "Tyuiu.AlbornozJ.Sprint6.Task0.V16.Test", "Tyuiu.AlbornozJ.Sprint6.Task0.V16.Test\Tyuiu.AlbornozJ.Sprint6.Task0.V16.Test.csproj", "{DAD9B0EA-33BF-4A25-9ADA-E09CBFE2C667}"
EndProject
Project("{FAE04EC0-301F-11D3-BF4B-00C04F79EFBC}") = "Tyuiu.AlbornozJ.Sprint6.Task0.V16", "Tyuiu.AlbornozJ.Sprint6.Task0.V16\Tyuiu.AlbornozJ.Sprint6.Task0.V16.csproj", "{71120AB3-A0E3-46FC-AD2F-D121F7CA2D41}"
EndProject
Project("{2150E333-8FDC-42A3-9474-1A3956D46DE8}") = "Task1", "Task1", "{7A710C87-DC9B-45C4-9E03-64B30F5BDD85}"
EndProject
Project("{FAE04EC0-301F-11D3-BF4B-00C04F79EFBC}") = "Tyuiu.AlbornozJ.Sprint6.Task1.V4.Lib", "Tyuiu.AlbornozJ.Sprint6.Task1.V4.Lib\Tyuiu.AlbornozJ.Sprint6.Task1.V4.Lib.csproj", "{5E470229-0E29-4ABE-8CE0-12DB48AD12E5}"
EndProject
Project("{FAE04EC0-301F-11D3-BF4B-00C04F79EFBC}") = "Tyuiu.AlbornozJ.Sprint6.Task1.V4.Test", "Tyuiu.AlbornozJ.Sprint6.Task1.V4.Test\Tyuiu.AlbornozJ.Sprint6.Task1.V4.Test.csproj", "{A29AEC05-4020-4718-8154-9F296605065C}"
EndProject
Project("{FAE04EC0-301F-11D3-BF4B-00C04F79EFBC}") = "Tyuiu.AlbornozJ.Sprint6.Task1.V4", "Tyuiu.AlbornozJ.Sprint6.Task1.V4\Tyuiu.AlbornozJ.Sprint6.Task1.V4.csproj", "{1D883C3E-E08D-4454-8CE5-9A8FB2773299}"
EndProject
Project("{2150E333-8FDC-42A3-9474-1A3956D46DE8}") = "Task2", "Task2", "{9B4E31D0-7C49-4C14-8C4B-DAC35A123CEB}"
EndProject
Project("{FAE04EC0-301F-11D3-BF4B-00C04F79EFBC}") = "Tyuiu.AlbornozJ.Sprint6.Task2.V15.Lib", "Tyuiu.AlbornozJ.Sprint6.Task2.V15.Lib\Tyuiu.AlbornozJ.Sprint6.Task2.V15.Lib.csproj", "{FDEC6170-3418-4B5B-AC93-63C217E6F6F7}"
EndProject
Project("{FAE04EC0-301F-11D3-BF4B-00C04F79EFBC}") = "Tyuiu.AlbornozJ.Sprint6.Task2.V15.Test", "Tyuiu.AlbornozJ.Sprint6.Task2.V15.Test\Tyuiu.AlbornozJ.Sprint6.Task2.V15.Test.csproj", "{440B1C28-2CF6-4C45-941D-AA087A0559F3}"
EndProject
Project("{FAE04EC0-301F-11D3-BF4B-00C04F79EFBC}") = "Tyuiu.AlbornozJ.Sprint6.Task2.V15", "Tyuiu.AlbornozJ.Sprint6.Task2.V15\Tyuiu.AlbornozJ.Sprint6.Task2.V15.csproj", "{66F7374B-83B1-4BDE-8173-9825E32BF68C}"
EndProject
Project("{2150E333-8FDC-42A3-9474-1A3956D46DE8}") = "Task3", "Task3", "{C2E712FC-F0AA-402C-B80D-96C992814599}"
EndProject
Project("{FAE04EC0-301F-11D3-BF4B-00C04F79EFBC}") = "Tyuiu.AlbornozJ.Sprint6.Task3.V9.Lib", "Tyuiu.AlbornozJ.Sprint6.Task3.V9.Lib\Tyuiu.AlbornozJ.Sprint6.Task3.V9.Lib.csproj", "{C8AA1DD9-8C3A-4025-B4C4-C37AF2620087}"
EndProject
Project("{FAE04EC0-301F-11D3-BF4B-00C04F79EFBC}") = "Tyuiu.AlbornozJ.Sprint6.Task3.V9.Test", "Tyuiu.AlbornozJ.Sprint6.Task3.V9.Test\Tyuiu.AlbornozJ.Sprint6.Task3.V9.Test.csproj", "{1260007F-C8F0-47A3-95B2-C37AD0FCC975}"
EndProject
Project("{FAE04EC0-301F-11D3-BF4B-00C04F79EFBC}") = "Tyuiu.AlbornozJ.Sprint6.Task3.V9", "Tyuiu.AlbornozJ.Sprint6.Task3.V9\Tyuiu.AlbornozJ.Sprint6.Task3.V9.csproj", "{A900CFEA-31D8-43FA-8C05-438BFF2256BD}"
EndProject
Project("{2150E333-8FDC-42A3-9474-1A3956D46DE8}") = "Task4", "Task4", "{2C663D6A-5D1D-4CA4-953A-0AACA72F4B6B}"
EndProject
Project("{FAE04EC0-301F-11D3-BF4B-00C04F79EFBC}") = "Tyuiu.AlbornozJ.Sprint6.Task4.V9.Lib", "Tyuiu.AlbornozJ.Sprint6.Task4.V9.Lib\Tyuiu.AlbornozJ.Sprint6.Task4.V9.Lib.csproj", "{E466103C-E8CE-49DE-9065-DFA54F02088B}"
EndProject
Project("{FAE04EC0-301F-11D3-BF4B-00C04F79EFBC}") = "Tyuiu.AlbornozJ.Sprint6.Task4.V9.Test", "Tyuiu.AlbornozJ.Sprint6.Task4.V9.Test\Tyuiu.AlbornozJ.Sprint6.Task4.V9.Test.csproj", "{9E141BE4-45AC-4963-BAC1-329308396F4F}"
EndProject
Project("{FAE04EC0-301F-11D3-BF4B-00C04F79EFBC}") = "Tyuiu.AlbornozJ.Sprint6.Task4.V9", "Tyuiu.AlbornozJ.Sprint6.Task4.V9\Tyuiu.AlbornozJ.Sprint6.Task4.V9.csproj", "{244BC3E1-D94C-4009-8A47-ACDBD64CFC92}"
EndProject
Global
	GlobalSection(SolutionConfigurationPlatforms) = preSolution
		Debug|Any CPU = Debug|Any CPU
		Release|Any CPU = Release|Any CPU
	EndGlobalSection
	GlobalSection(ProjectConfigurationPlatforms) = postSolution
		{AAC82845-C138-4B15-AC91-0282C90BE78F}.Debug|Any CPU.ActiveCfg = Debug|Any CPU
		{AAC82845-C138-4B15-AC91-0282C90BE78F}.Debug|Any CPU.Build.0 = Debug|Any CPU
		{AAC82845-C138-4B15-AC91-0282C90BE78F}.Release|Any CPU.ActiveCfg = Release|Any CPU
		{AAC82845-C138-4B15-AC91-0282C90BE78F}.Release|Any CPU.Build.0 = Release|Any CPU
		{DAD9B0EA-33BF-4A25-9ADA-E09CBFE2C667}.Debug|Any CPU.ActiveCfg = Debug|Any CPU
		{DAD9B0EA-33BF-4A25-9ADA-E09CBFE2C667}.Debug|Any CPU.Build.0 = Debug|Any CPU
		{DAD9B0EA-33BF-4A25-9ADA-E09CBFE2C667}.Release|Any CPU.ActiveCfg = Release|Any CPU
		{DAD9B0EA-33BF-4A25-9ADA-E09CBFE2C667}.Release|Any CPU.Build.0 = Release|Any CPU
		{71120AB3-A0E3-46FC-AD2F-D121F7CA2D41}.Debug|Any CPU.ActiveCfg = Debug|Any CPU
		{71120AB3-A0E3-46FC-AD2F-D121F7CA2D41}.Debug|Any CPU.Build.0 = Debug|Any CPU
		{71120AB3-A0E3-46FC-AD2F-D121F7CA2D41}.Release|Any CPU.ActiveCfg = Release|Any CPU
		{71120AB3-A0E3-46FC-AD2F-D121F7CA2D41}.Release|Any CPU.Build.0 = Release|Any CPU
		{5E470229-0E29-4ABE-8CE0-12DB48AD12E5}.Debug|Any CPU.ActiveCfg = Debug|Any CPU
		{5E470229-0E29-4ABE-8CE0-12DB48AD12E5}.Debug|Any CPU.Build.0 = Debug|Any CPU
		{5E470229-0E29-4ABE-8CE0-12DB48AD12E5}.Release|Any CPU.ActiveCfg = Release|Any CPU
		{5E470229-0E29-4ABE-8CE0-12DB48AD12E5}.Release|Any CPU.Build.0 = Release|Any CPU
		{A29AEC05-4020-4718-8154-9F296605065C}.Debug|Any CPU.ActiveCfg = Debug|Any CPU
		{A29AEC05-4020-4718-8154-9F296605065C}.Debug|Any CPU.Build.0 = Debug|Any CPU
		{A29AEC05-4020-4718-8154-9F296605065C}.Release|Any CPU.ActiveCfg = Release|Any CPU
		{A29AEC05-4020-4718-8154-9F296605065C}.Release|Any CPU.Build.0 = Release|Any CPU
		{1D883C3E-E08D-4454-8CE5-9A8FB2773299}.Debug|Any CPU.ActiveCfg = Debug|Any CPU
		{1D883C3E-E08D-4454-8CE5-9A8FB2773299}.Debug|Any CPU.Build.0 = Debug|Any CPU
		{1D883C3E-E08D-4454-8CE5-9A8FB2773299}.Release|Any CPU.ActiveCfg = Release|Any CPU
		{1D883C3E-E08D-4454-8CE5-9A8FB2773299}.Release|Any CPU.Build.0 = Release|Any CPU
		{FDEC6170-3418-4B5B-AC93-63C217E6F6F7}.Debug|Any CPU.ActiveCfg = Debug|Any CPU
		{FDEC6170-3418-4B5B-AC93-63C217E6F6F7}.Debug|Any CPU.Build.0 = Debug|Any CPU
		{FDEC6170-3418-4B5B-AC93-63C217E6F6F7}.Release|Any CPU.ActiveCfg = Release|Any CPU
		{FDEC6170-3418-4B5B-AC93-63C217E6F6F7}.Release|Any CPU.Build.0 = Release|Any CPU
		{440B1C28-2CF6-4C45-941D-AA087A0559F3}.Debug|Any CPU.ActiveCfg = Debug|Any CPU
		{440B1C28-2CF6-4C45-941D-AA087A0559F3}.Debug|Any CPU.Build.0 = Debug|Any CPU
		{440B1C28-2CF6-4C45-941D-AA087A0559F3}.Release|Any CPU.ActiveCfg = Release|Any CPU
		{440B1C28-2CF6-4C45-941D-AA087A0559F3}.Release|Any CPU.Build.0 = Release|Any CPU
		{66F7374B-83B1-4BDE-8173-9825E32BF68C}.Debug|Any CPU.ActiveCfg = Debug|Any CPU
		{66F7374B-83B1-4BDE-8173-9825E32BF68C}.Debug|Any CPU.Build.0 = Debug|Any CPU
		{66F7374B-83B1-4BDE-8173-9825E32BF68C}.Release|Any CPU.ActiveCfg = Release|Any CPU
		{66F7374B-83B1-4BDE-8173-9825E32BF68C}.Release|Any CPU.Build.0 = Release|Any CPU
		{C8AA1DD9-8C3A-4025-B4C4-C37AF2620087}.Debug|Any CPU.ActiveCfg = Debug|Any CPU
		{C8AA1DD9-8C3A-4025-B4C4-C37AF2620087}.Debug|Any CPU.Build.0 = Debug|Any CPU
		{C8AA1DD9-8C3A-4025-B4C4-C37AF2620087}.Release|Any CPU.ActiveCfg = Release|Any CPU
		{C8AA1DD9-8C3A-4025-B4C4-C37AF2620087}.Release|Any CPU.Build.0 = Release|Any CPU
		{1260007F-C8F0-47A3-95B2-C37AD0FCC975}.Debug|Any CPU.ActiveCfg = Debug|Any CPU
		{1260007F-C8F0-47A3-95B2-C37AD0FCC975}.Debug|Any CPU.Build.0 = Debug|Any CPU
		{1260007F-C8F0-47A3-95B2-C37AD0FCC975}.Release|Any CPU.ActiveCfg = Release|Any CPU
		{1260007F-C8F0-47A3-95B2-C37AD0FCC975}.Release|Any CPU.Build.0 = Release|Any CPU
		{A900CFEA-31D8-43FA-8C05-438BFF2256BD}.Debug|Any CPU.ActiveCfg = Debug|Any CPU
		{A900CFEA-31D8-43FA-8C05-438BFF2256BD}.Debug|Any CPU.Build.0 = Debug|Any CPU
		{A900CFEA-31D8-43FA-8C05-438BFF2256BD}.Release|Any CPU.ActiveCfg = Release|Any CPU
		{A900CFEA-31D8-43FA-8C05-438BFF2256BD}.Release|Any CPU.Build.0 = Release|Any CPU
		{E466103C-E8CE-49DE-9065-DFA54F02088B}.Debug|Any CPU.ActiveCfg = Debug|Any CPU
		{E466103C-E8CE-49DE-9065-DFA54F02088B}.Debug|Any CPU.Build.0 = Debug|Any CPU
		{E466103C-E8CE-49DE-9065-DFA54F02088B}.Release|Any CPU.ActiveCfg = Release|Any CPU
		{E466103C-E8CE-49DE-9065-DFA54F02088B}.Release|Any CPU.Build.0 = Release|Any CPU
		{9E141BE4-45AC-4963-BAC1-329308396F4F}.Debug|Any CPU.ActiveCfg = Debug|Any CPU
		{9E141BE4-45AC-4963-BAC1-329308396F4F}.Debug|Any CPU.Build.0 = Debug|Any CPU
		{9E141BE4-45AC-4963-BAC1-329308396F4F}.Release|Any CPU.ActiveCfg = Release|Any CPU
		{9E141BE4-45AC-4963-BAC1-329308396F4F}.Release|Any CPU.Build.0 = Release|Any CPU
		{244BC3E1-D94C-4009-8A47-ACDBD64CFC92}.Debug|Any CPU.ActiveCfg = Debug|Any CPU
		{244BC3E1-D94C-4009-8A47-ACDBD64CFC92}.Debug|Any CPU.Build.0 = Debug|Any CPU
		{244BC3E1-D94C-4009-8A47-ACDBD64CFC92}.Release|Any CPU.ActiveCfg = Release|Any CPU
		{244BC3E1-D94C-4009-8A47-ACDBD64CFC92}.Release|Any CPU.Build.0 = Release|Any CPU
	EndGlobalSection
	GlobalSection(SolutionProperties) = preSolution
		HideSolutionNode = FALSE
	EndGlobalSection
	GlobalSection(NestedProjects) = preSolution
		{AAC82845-C138-4B15-AC91-0282C90BE78F} = {02EA681E-C7D8-13C7-8484-4AC65E1B71E8}
		{DAD9B0EA-33BF-4A25-9ADA-E09CBFE2C667} = {02EA681E-C7D8-13C7-8484-4AC65E1B71E8}
		{71120AB3-A0E3-46FC-AD2F-D121F7CA2D41} = {02EA681E-C7D8-13C7-8484-4AC65E1B71E8}
		{5E470229-0E29-4ABE-8CE0-12DB48AD12E5} = {7A710C87-DC9B-45C4-9E03-64B30F5BDD85}
		{A29AEC05-4020-4718-8154-9F296605065C} = {7A710C87-DC9B-45C4-9E03-64B30F5BDD85}
		{1D883C3E-E08D-4454-8CE5-9A8FB2773299} = {7A710C87-DC9B-45C4-9E03-64B30F5BDD85}
		{FDEC6170-3418-4B5B-AC93-63C217E6F6F7} = {9B4E31D0-7C49-4C14-8C4B-DAC35A123CEB}
		{440B1C28-2CF6-4C45-941D-AA087A0559F3} = {9B4E31D0-7C49-4C14-8C4B-DAC35A123CEB}
		{66F7374B-83B1-4BDE-8173-9825E32BF68C} = {9B4E31D0-7C49-4C14-8C4B-DAC35A123CEB}
		{C8AA1DD9-8C3A-4025-B4C4-C37AF2620087} = {C2E712FC-F0AA-402C-B80D-96C992814599}
		{1260007F-C8F0-47A3-95B2-C37AD0FCC975} = {C2E712FC-F0AA-402C-B80D-96C992814599}
		{A900CFEA-31D8-43FA-8C05-438BFF2256BD} = {C2E712FC-F0AA-402C-B80D-96C992814599}
		{E466103C-E8CE-49DE-9065-DFA54F02088B} = {2C663D6A-5D1D-4CA4-953A-0AACA72F4B6B}
		{9E141BE4-45AC-4963-BAC1-329308396F4F} = {2C663D6A-5D1D-4CA4-953A-0AACA72F4B6B}
		{244BC3E1-D94C-4009-8A47-ACDBD64CFC92} = {2C663D6A-5D1D-4CA4-953A-0AACA72F4B6B}
	EndGlobalSection
	GlobalSection(ExtensibilityGlobals) = postSolution
		SolutionGuid = {6D6701BC-153C-4D26-963F-1E81B4241658}
	EndGlobalSection
EndGlobal
